{
  "lockfile-version": 1,
  "manifest": {
    "version": 1,
    "install": {
      "python313": {
        "pkg-path": "python313"
      },
      "uv": {
        "pkg-path": "uv"
      }
    },
    "hook": {},
    "profile": {},
    "options": {
      "systems": [
        "aarch64-darwin",
        "aarch64-linux",
        "x86_64-darwin",
        "x86_64-linux"
      ]
    }
  },
  "packages": [
    {
      "attr_path": "python313",
      "broken": false,
      "derivation": "/nix/store/0sgpwdw94q31k5y4gfblnwr7vf7cdkvx-python3-3.13.5.drv",
      "description": "High-level dynamically-typed programming language",
      "install_id": "python313",
      "license": "Python-2.0",
      "locked_url": "https://github.com/flox/nixpkgs?rev=20075955deac2583bb12f07151c2df830ef346b4",
      "name": "python3-3.13.5",
      "pname": "python313",
      "rev": "20075955deac2583bb12f07151c2df830ef346b4",
      "rev_count": 846535,
      "rev_date": "2025-08-19T15:00:17Z",
      "scrape_date": "2025-08-24T15:39:18.907562Z",
      "stabilities": [
        "unstable"
      ],
      "unfree": false,
      "version": "python3-3.13.5",
      "outputs_to_install": [
        "out"
      ],
      "outputs": {
        "out": "/nix/store/v72ywdz0dd2d6sb3knymx9ww8r6pcqba-python3-3.13.5"
      },
      "system": "aarch64-darwin",
      "group": "toplevel",
      "priority": 5
    },
    {
      "attr_path": "python313",
      "broken": false,
      "derivation": "/nix/store/1cdadwmiqljyxpc2q5fsicj24yf6vir4-python3-3.13.5.drv",
      "description": "High-level dynamically-typed programming language",
      "install_id": "python313",
      "license": "Python-2.0",
      "locked_url": "https://github.com/flox/nixpkgs?rev=20075955deac2583bb12f07151c2df830ef346b4",
      "name": "python3-3.13.5",
      "pname": "python313",
      "rev": "20075955deac2583bb12f07151c2df830ef346b4",
      "rev_count": 846535,
      "rev_date": "2025-08-19T15:00:17Z",
      "scrape_date": "2025-08-24T16:06:14.189969Z",
      "stabilities": [
        "unstable"
      ],
      "unfree": false,
      "version": "python3-3.13.5",
      "outputs_to_install": [
        "out"
      ],
      "outputs": {
        "debug": "/nix/store/lnjp4kv8avwmkrfxxxa38pyqxqx6ajpv-python3-3.13.5-debug",
        "out": "/nix/store/cr7c6cf8y7sbqwq9bj7lrm977x7c4mv9-python3-3.13.5"
      },
      "system": "aarch64-linux",
      "group": "toplevel",
      "priority": 5
    },
    {
      "attr_path": "python313",
      "broken": false,
      "derivation": "/nix/store/y4m8sfxbkhwzd29qp601973gxfs4bkv4-python3-3.13.5.drv",
      "description": "High-level dynamically-typed programming language",
      "install_id": "python313",
      "license": "Python-2.0",
      "locked_url": "https://github.com/flox/nixpkgs?rev=20075955deac2583bb12f07151c2df830ef346b4",
      "name": "python3-3.13.5",
      "pname": "python313",
      "rev": "20075955deac2583bb12f07151c2df830ef346b4",
      "rev_count": 846535,
      "rev_date": "2025-08-19T15:00:17Z",
      "scrape_date": "2025-08-24T16:29:49.420384Z",
      "stabilities": [
        "unstable"
      ],
      "unfree": false,
      "version": "python3-3.13.5",
      "outputs_to_install": [
        "out"
      ],
      "outputs": {
        "out": "/nix/store/9zzyv1p496m8b7j8v3y2dqq1xii9anx5-python3-3.13.5"
      },
      "system": "x86_64-darwin",
      "group": "toplevel",
      "priority": 5
    },
    {
      "attr_path": "python313",
      "broken": false,
      "derivation": "/nix/store/5cjmvj85qx59nw08isq5q63kvc3ccwi1-python3-3.13.5.drv",
      "description": "High-level dynamically-typed programming language",
      "install_id": "python313",
      "license": "Python-2.0",
      "locked_url": "https://github.com/flox/nixpkgs?rev=20075955deac2583bb12f07151c2df830ef346b4",
      "name": "python3-3.13.5",
      "pname": "python313",
      "rev": "20075955deac2583bb12f07151c2df830ef346b4",
      "rev_count": 846535,
      "rev_date": "2025-08-19T15:00:17Z",
      "scrape_date": "2025-08-24T16:58:18.340254Z",
      "stabilities": [
        "unstable"
      ],
      "unfree": false,
      "version": "python3-3.13.5",
      "outputs_to_install": [
        "out"
      ],
      "outputs": {
        "debug": "/nix/store/h5y23q0k2xzr0aa17y7b82y826ch7yq9-python3-3.13.5-debug",
        "out": "/nix/store/9yh9ak97gn659bk4d3n411fx6c0ng7s2-python3-3.13.5"
      },
      "system": "x86_64-linux",
      "group": "toplevel",
      "priority": 5
    },
    {
      "attr_path": "uv",
      "broken": false,
      "derivation": "/nix/store/r73cws9f03q1bb6yiynf7cydq620r7hw-uv-0.8.2.drv",
      "description": "Extremely fast Python package installer and resolver, written in Rust",
      "install_id": "uv",
      "license": "[ Apache-2.0, MIT ]",
      "locked_url": "https://github.com/flox/nixpkgs?rev=20075955deac2583bb12f07151c2df830ef346b4",
      "name": "uv-0.8.2",
      "pname": "uv",
      "rev": "20075955deac2583bb12f07151c2df830ef346b4",
      "rev_count": 846535,
      "rev_date": "2025-08-19T15:00:17Z",
      "scrape_date": "2025-08-24T15:40:23.781590Z",
      "stabilities": [
        "unstable"
      ],
      "unfree": false,
      "version": "0.8.2",
      "outputs_to_install": [
        "out"
      ],
      "outputs": {
        "out": "/nix/store/db9y1b002zlnyjgpsnbl9hvlwsiqajl4-uv-0.8.2"
      },
      "system": "aarch64-darwin",
      "group": "toplevel",
      "priority": 5
    },
    {
      "attr_path": "uv",
      "broken": false,
      "derivation": "/nix/store/h31r5jskn5fjad9xffsagc30kb0pxxar-uv-0.8.2.drv",
      "description": "Extremely fast Python package installer and resolver, written in Rust",
      "install_id": "uv",
      "license": "[ Apache-2.0, MIT ]",
      "locked_url": "https://github.com/flox/nixpkgs?rev=20075955deac2583bb12f07151c2df830ef346b4",
      "name": "uv-0.8.2",
      "pname": "uv",
      "rev": "20075955deac2583bb12f07151c2df830ef346b4",
      "rev_count": 846535,
      "rev_date": "2025-08-19T15:00:17Z",
      "scrape_date": "2025-08-24T16:07:42.514089Z",
      "stabilities": [
        "unstable"
      ],
      "unfree": false,
      "version": "0.8.2",
      "outputs_to_install": [
        "out"
      ],
      "outputs": {
        "out": "/nix/store/bdps6h2gn2rysavc3cq2slqnjlsyyk03-uv-0.8.2"
      },
      "system": "aarch64-linux",
      "group": "toplevel",
      "priority": 5
    },
    {
      "attr_path": "uv",
      "broken": false,
      "derivation": "/nix/store/9fc1gmai85rmaiaj91kj348pgapv6fzy-uv-0.8.2.drv",
      "description": "Extremely fast Python package installer and resolver, written in Rust",
      "install_id": "uv",
      "license": "[ Apache-2.0, MIT ]",
      "locked_url": "https://github.com/flox/nixpkgs?rev=20075955deac2583bb12f07151c2df830ef346b4",
      "name": "uv-0.8.2",
      "pname": "uv",
      "rev": "20075955deac2583bb12f07151c2df830ef346b4",
      "rev_count": 846535,
      "rev_date": "2025-08-19T15:00:17Z",
      "scrape_date": "2025-08-24T16:30:48.943480Z",
      "stabilities": [
        "unstable"
      ],
      "unfree": false,
      "version": "0.8.2",
      "outputs_to_install": [
        "out"
      ],
      "outputs": {
        "out": "/nix/store/91g6383zq1wbiik2an7g6yfrj294c19v-uv-0.8.2"
      },
      "system": "x86_64-darwin",
      "group": "toplevel",
      "priority": 5
    },
    {
      "attr_path": "uv",
      "broken": false,
      "derivation": "/nix/store/yjph3bdnhgzkbnr0a2qhzz3wbspiimpw-uv-0.8.2.drv",
      "description": "Extremely fast Python package installer and resolver, written in Rust",
      "install_id": "uv",
      "license": "[ Apache-2.0, MIT ]",
      "locked_url": "https://github.com/flox/nixpkgs?rev=20075955deac2583bb12f07151c2df830ef346b4",
      "name": "uv-0.8.2",
      "pname": "uv",
      "rev": "20075955deac2583bb12f07151c2df830ef346b4",
      "rev_count": 846535,
      "rev_date": "2025-08-19T15:00:17Z",
      "scrape_date": "2025-08-24T16:59:43.505055Z",
      "stabilities": [
        "unstable"
      ],
      "unfree": false,
      "version": "0.8.2",
      "outputs_to_install": [
        "out"
      ],
      "outputs": {
        "out": "/nix/store/swq8qrr7n5gkc1b4940q62a3ll52prgl-uv-0.8.2"
      },
      "system": "x86_64-linux",
      "group": "toplevel",
      "priority": 5
    }
  ]
}